
Microsoft Visual Studio Solution File, Format Version 12.00
# Visual Studio Version 16
VisualStudioVersion = 16.0.29609.76
MinimumVisualStudioVersion = 10.0.40219.1
Project("{FAE04EC0-301F-11D3-BF4B-00C04F79EFBC}") = "Final", "Final.csproj", "{110E3B56-5770-44FF-8CC7-CB802052A9D6}"
EndProject
Global
	GlobalSection(SolutionConfigurationPlatforms) = preSolution
		Debug|Any CPU = Debug|Any CPU
		Release|Any CPU = Release|Any CPU
	EndGlobalSection
	GlobalSection(ProjectConfigurationPlatforms) = postSolution
		{110E3B56-5770-44FF-8CC7-CB802052A9D6}.Debug|Any CPU.ActiveCfg = Debug|Any CPU
		{110E3B56-5770-44FF-8CC7-CB802052A9D6}.Debug|Any CPU.Build.0 = Debug|Any CPU
		{110E3B56-5770-44FF-8CC7-CB802052A9D6}.Release|Any CPU.ActiveCfg = Release|Any CPU
		{110E3B56-5770-44FF-8CC7-CB802052A9D6}.Release|Any CPU.Build.0 = Release|Any CPU
	EndGlobalSection
	GlobalSection(SolutionProperties) = preSolution
		HideSolutionNode = FALSE
	EndGlobalSection
	GlobalSection(ExtensibilityGlobals) = postSolution
		SolutionGuid = {C16DF9BA-3738-4B98-93BC-7090A7124640}
	EndGlobalSection
EndGlobal
